<Solution>
  <Configurations>
    <Platform Name="Any CPU" />
    <Platform Name="x86" />
  </Configurations>
  <Project Path="AssaultCube_Payload/AssaultCube_Payload.csproj" Id="5e30ba73-324a-4b0b-ad87-94da07d4ae8f" />
  <Project Path="MemoryInject/MemoryEngine.csproj" Id="ff125c1d-ddbd-4bc4-bff6-b556aba95cba" />
</Solution>
